
Microsoft Visual Studio Solution File, Format Version 12.00
# Visual Studio Version 16
VisualStudioVersion = 16.0.31624.102
MinimumVisualStudioVersion = 10.0.40219.1
Project("{FAE04EC0-301F-11D3-BF4B-00C04F79EFBC}") = "DesktopContacsApp", "DesktopContacsApp\DesktopContacsApp.csproj", "{705196A3-A4E5-45D7-A58C-DD055F003248}"
EndProject
Global
	GlobalSection(SolutionConfigurationPlatforms) = preSolution
		Debug|Any CPU = Debug|Any CPU
		Release|Any CPU = Release|Any CPU
	EndGlobalSection
	GlobalSection(ProjectConfigurationPlatforms) = postSolution
		{705196A3-A4E5-45D7-A58C-DD055F003248}.Debug|Any CPU.ActiveCfg = Debug|Any CPU
		{705196A3-A4E5-45D7-A58C-DD055F003248}.Debug|Any CPU.Build.0 = Debug|Any CPU
		{705196A3-A4E5-45D7-A58C-DD055F003248}.Release|Any CPU.ActiveCfg = Release|Any CPU
		{705196A3-A4E5-45D7-A58C-DD055F003248}.Release|Any CPU.Build.0 = Release|Any CPU
	EndGlobalSection
	GlobalSection(SolutionProperties) = preSolution
		HideSolutionNode = FALSE
	EndGlobalSection
	GlobalSection(ExtensibilityGlobals) = postSolution
		SolutionGuid = {FC81046F-CECD-4503-A860-FBCEF16A8842}
	EndGlobalSection
EndGlobal
