
Microsoft Visual Studio Solution File, Format Version 12.00
# Visual Studio Version 16
VisualStudioVersion = 16.0.31624.102
MinimumVisualStudioVersion = 10.0.40219.1
Project("{FAE04EC0-301F-11D3-BF4B-00C04F79EFBC}") = "WeatherApp", "WeatherApp\WeatherApp.csproj", "{A464F766-774D-4E7A-9873-4ED8EAB7FA9E}"
EndProject
Global
	GlobalSection(SolutionConfigurationPlatforms) = preSolution
		Debug|Any CPU = Debug|Any CPU
		Release|Any CPU = Release|Any CPU
	EndGlobalSection
	GlobalSection(ProjectConfigurationPlatforms) = postSolution
		{A464F766-774D-4E7A-9873-4ED8EAB7FA9E}.Debug|Any CPU.ActiveCfg = Debug|Any CPU
		{A464F766-774D-4E7A-9873-4ED8EAB7FA9E}.Debug|Any CPU.Build.0 = Debug|Any CPU
		{A464F766-774D-4E7A-9873-4ED8EAB7FA9E}.Release|Any CPU.ActiveCfg = Release|Any CPU
		{A464F766-774D-4E7A-9873-4ED8EAB7FA9E}.Release|Any CPU.Build.0 = Release|Any CPU
	EndGlobalSection
	GlobalSection(SolutionProperties) = preSolution
		HideSolutionNode = FALSE
	EndGlobalSection
	GlobalSection(ExtensibilityGlobals) = postSolution
		SolutionGuid = {F6F38F9B-DEB6-4E15-BD1E-323A8EDBA83D}
	EndGlobalSection
EndGlobal
